
Microsoft Visual Studio Solution File, Format Version 12.00
# Visual Studio Version 16
VisualStudioVersion = 16.0.31624.102
MinimumVisualStudioVersion = 10.0.40219.1
Project("{FAE04EC0-301F-11D3-BF4B-00C04F79EFBC}") = "EmployeeWage", "EmployeeWage\EmployeeWage.csproj", "{7FE31411-4A88-4556-9806-46F4F2FF16B7}"
EndProject
Global
	GlobalSection(SolutionConfigurationPlatforms) = preSolution
		Debug|Any CPU = Debug|Any CPU
		Release|Any CPU = Release|Any CPU
	EndGlobalSection
	GlobalSection(ProjectConfigurationPlatforms) = postSolution
		{7FE31411-4A88-4556-9806-46F4F2FF16B7}.Debug|Any CPU.ActiveCfg = Debug|Any CPU
		{7FE31411-4A88-4556-9806-46F4F2FF16B7}.Debug|Any CPU.Build.0 = Debug|Any CPU
		{7FE31411-4A88-4556-9806-46F4F2FF16B7}.Release|Any CPU.ActiveCfg = Release|Any CPU
		{7FE31411-4A88-4556-9806-46F4F2FF16B7}.Release|Any CPU.Build.0 = Release|Any CPU
	EndGlobalSection
	GlobalSection(SolutionProperties) = preSolution
		HideSolutionNode = FALSE
	EndGlobalSection
	GlobalSection(ExtensibilityGlobals) = postSolution
		SolutionGuid = {9579D602-33C9-431A-ABE7-CE0CBAF11293}
	EndGlobalSection
EndGlobal
